Microsoft Visual Studio Solution File, Format Version 12.00
# Visual Studio 2012
Project("{FAE04EC0-301F-11D3-BF4B-00C04F79EFBC}") = "My Inventory Test", "My Inventory Test.csproj", "{0FE342E5-667F-4EC7-868F-75460F35A141}"
EndProject
Global
	GlobalSection(SolutionConfigurationPlatforms) = preSolution
	Debug|Any CPU = Debug|Any CPU
	ExportDebug|Any CPU = ExportDebug|Any CPU
	ExportRelease|Any CPU = ExportRelease|Any CPU
	EndGlobalSection
	GlobalSection(ProjectConfigurationPlatforms) = postSolution
		{0FE342E5-667F-4EC7-868F-75460F35A141}.Debug|Any CPU.ActiveCfg = Debug|Any CPU
		{0FE342E5-667F-4EC7-868F-75460F35A141}.Debug|Any CPU.Build.0 = Debug|Any CPU
		{0FE342E5-667F-4EC7-868F-75460F35A141}.ExportDebug|Any CPU.ActiveCfg = ExportDebug|Any CPU
		{0FE342E5-667F-4EC7-868F-75460F35A141}.ExportDebug|Any CPU.Build.0 = ExportDebug|Any CPU
		{0FE342E5-667F-4EC7-868F-75460F35A141}.ExportRelease|Any CPU.ActiveCfg = ExportRelease|Any CPU
		{0FE342E5-667F-4EC7-868F-75460F35A141}.ExportRelease|Any CPU.Build.0 = ExportRelease|Any CPU
	EndGlobalSection
EndGlobal
